%{"connection": {:hex, :connection, "1.0.2", "f4a06dd3ecae4141aa66f94ce92ea4c4b8753069472814932f1cadbc3078ab80", [:mix], []},
  "coverex": {:hex, :coverex, "1.4.3", "c9e5520ac10c4eccaa0611605ddf769e50079ca348060329b698db3b058c2720", [:mix], [{:httpoison, "0.7.2", [hex: :httpoison, optional: false]}, {:poison, "~> 1.4.0", [hex: :poison, optional: false]}]},
  "db_connection": {:hex, :db_connection, "1.0.0-rc.0", "debd4f4c126bf4cb3b984c82096cee15b18c18ecf339631e1105122dc4b59111", [:mix], [{:connection, "~> 1.0.2", [hex: :connection, optional: false]}, {:poolboy, "~> 1.5", [hex: :poolboy, optional: true]}, {:sbroker, "~> 1.0.0-beta.2", [hex: :sbroker, optional: true]}]},
  "decimal": {:hex, :decimal, "1.1.0", "3333732f17a90ff3057d7ab8c65f0930ca2d67e15cca812a91ead5633ed472fe", [:mix], []},
  "hackney": {:hex, :hackney, "1.3.2", "43bd07ab88753f5e136e38fddd2a09124bee25733b03361eeb459d0173fc17ab", [:rebar, :make], [{:idna, "~> 1.0.2", [hex: :idna, optional: false]}, {:ssl_verify_hostname, "~> 1.0.5", [hex: :ssl_verify_hostname, optional: false]}]},
  "httpoison": {:hex, :httpoison, "0.7.2", "e13ab8c056481b83aebe225fbc2260c3dfeac4d7271e9af80f234e3186fa843b", [:mix], [{:hackney, "~> 1.3.1", [hex: :hackney, optional: false]}]},
  "idna": {:hex, :idna, "1.0.2", "397e3d001c002319da75759b0a81156bf11849c71d565162436d50020cb7265e", [:make], []},
  "poison": {:hex, :poison, "1.4.0", "cd5afb9db7f0d19487572fa28185b6d4de647f14235746824e77b3139b79b725", [:mix], []},
  "ssl_verify_hostname": {:hex, :ssl_verify_hostname, "1.0.5", "2e73e068cd6393526f9fa6d399353d7c9477d6886ba005f323b592d389fb47be", [:make], []}}
